// !$*UTF8*$!
{
	archiveVersion = 1;
	classes = {
	};
	objectVersion = 56;
	objects = {

/* Begin PBXBuildFile section */
		953E9E4D2AD0236A000BF91B /* TestGeneratorApp.swift in Sources */ = {isa = PBXBuildFile; fileRef = 953E9E4C2AD0236A000BF91B /* TestGeneratorApp.swift */; };
		953E9E4F2AD0236A000BF91B /* ContentView.swift in Sources */ = {isa = PBXBuildFile; fileRef = 953E9E4E2AD0236A000BF91B /* ContentView.swift */; };
		953E9E512AD0236C000BF91B /* Assets.xcassets in Resources */ = {isa = PBXBuildFile; fileRef = 953E9E502AD0236C000BF91B /* Assets.xcassets */; };
		953E9E542AD0236C000BF91B /* Preview Assets.xcassets in Resources */ = {isa = PBXBuildFile; fileRef = 953E9E532AD0236C000BF91B /* Preview Assets.xcassets */; };
		953E9E5F2AD0236C000BF91B /* TestGeneratorTests.swift in Sources */ = {isa = PBXBuildFile; fileRef = 953E9E5E2AD0236C000BF91B /* TestGeneratorTests.swift */; };
		953E9E692AD0236C000BF91B /* TestGeneratorUITests.swift in Sources */ = {isa = PBXBuildFile; fileRef = 953E9E682AD0236C000BF91B /* TestGeneratorUITests.swift */; };
		953E9E6B2AD0236C000BF91B /* TestGeneratorUITestsLaunchTests.swift in Sources */ = {isa = PBXBuildFile; fileRef = 953E9E6A2AD0236C000BF91B /* TestGeneratorUITestsLaunchTests.swift */; };
		953E9E782AD023A2000BF91B /* TestGeneratoinViewModel.swift in Sources */ = {isa = PBXBuildFile; fileRef = 953E9E772AD023A2000BF91B /* TestGeneratoinViewModel.swift */; };
/* End PBXBuildFile section */

/* Begin PBXContainerItemProxy section */
		953E9E5B2AD0236C000BF91B /* PBXContainerItemProxy */ = {
			isa = PBXContainerItemProxy;
			containerPortal = 953E9E412AD0236A000BF91B /* Project object */;
			proxyType = 1;
			remoteGlobalIDString = 953E9E482AD0236A000BF91B;
			remoteInfo = TestGenerator;
		};
		953E9E652AD0236C000BF91B /* PBXContainerItemProxy */ = {
			isa = PBXContainerItemProxy;
			containerPortal = 953E9E412AD0236A000BF91B /* Project object */;
			proxyType = 1;
			remoteGlobalIDString = 953E9E482AD0236A000BF91B;
			remoteInfo = TestGenerator;
		};
/* End PBXContainerItemProxy section */

/* Begin PBXFileReference section */
		953E9E492AD0236A000BF91B /* TestGenerator.app */ = {isa = PBXFileReference; explicitFileType = wrapper.application; includeInIndex = 0; path = TestGenerator.app; sourceTree = BUILT_PRODUCTS_DIR; };
		953E9E4C2AD0236A000BF91B /* TestGeneratorApp.swift */ = {isa = PBXFileReference; lastKnownFileType = sourcecode.swift; path = TestGeneratorApp.swift; sourceTree = "<group>"; };
		953E9E4E2AD0236A000BF91B /* ContentView.swift */ = {isa = PBXFileReference; lastKnownFileType = sourcecode.swift; path = ContentView.swift; sourceTree = "<group>"; };
		953E9E502AD0236C000BF91B /* Assets.xcassets */ = {isa = PBXFileReference; lastKnownFileType = folder.assetcatalog; path = Assets.xcassets; sourceTree = "<group>"; };
		953E9E532AD0236C000BF91B /* Preview Assets.xcassets */ = {isa = PBXFileReference; lastKnownFileType = folder.assetcatalog; path = "Preview Assets.xcassets"; sourceTree = "<group>"; };
		953E9E552AD0236C000BF91B /* TestGenerator.entitlements */ = {isa = PBXFileReference; lastKnownFileType = text.plist.entitlements; path = TestGenerator.entitlements; sourceTree = "<group>"; };
		953E9E5A2AD0236C000BF91B /* TestGeneratorTests.xctest */ = {isa = PBXFileReference; explicitFileType = wrapper.cfbundle; includeInIndex = 0; path = TestGeneratorTests.xctest; sourceTree = BUILT_PRODUCTS_DIR; };
		953E9E5E2AD0236C000BF91B /* TestGeneratorTests.swift */ = {isa = PBXFileReference; lastKnownFileType = sourcecode.swift; path = TestGeneratorTests.swift; sourceTree = "<group>"; };
		953E9E642AD0236C000BF91B /* TestGeneratorUITests.xctest */ = {isa = PBXFileReference; explicitFileType = wrapper.cfbundle; includeInIndex = 0; path = TestGeneratorUITests.xctest; sourceTree = BUILT_PRODUCTS_DIR; };
		953E9E682AD0236C000BF91B /* TestGeneratorUITests.swift */ = {isa = PBXFileReference; lastKnownFileType = sourcecode.swift; path = TestGeneratorUITests.swift; sourceTree = "<group>"; };
		953E9E6A2AD0236C000BF91B /* TestGeneratorUITestsLaunchTests.swift */ = {isa = PBXFileReference; lastKnownFileType = sourcecode.swift; path = TestGeneratorUITestsLaunchTests.swift; sourceTree = "<group>"; };
		953E9E772AD023A2000BF91B /* TestGeneratoinViewModel.swift */ = {isa = PBXFileReference; lastKnownFileType = sourcecode.swift; path = TestGeneratoinViewModel.swift; sourceTree = "<group>"; };
/* End PBXFileReference section */

/* Begin PBXFrameworksBuildPhase section */
		953E9E462AD0236A000BF91B /* Frameworks */ = {
			isa = PBXFrameworksBuildPhase;
			buildActionMask = 2147483647;
			files = (
			);
			runOnlyForDeploymentPostprocessing = 0;
		};
		953E9E572AD0236C000BF91B /* Frameworks */ = {
			isa = PBXFrameworksBuildPhase;
			buildActionMask = 2147483647;
			files = (
			);
			runOnlyForDeploymentPostprocessing = 0;
		};
		953E9E612AD0236C000BF91B /* Frameworks */ = {
			isa = PBXFrameworksBuildPhase;
			buildActionMask = 2147483647;
			files = (
			);
			runOnlyForDeploymentPostprocessing = 0;
		};
/* End PBXFrameworksBuildPhase section */

/* Begin PBXGroup section */
		953E9E402AD0236A000BF91B = {
			isa = PBXGroup;
			children = (
				953E9E4B2AD0236A000BF91B /* TestGenerator */,
				953E9E5D2AD0236C000BF91B /* TestGeneratorTests */,
				953E9E672AD0236C000BF91B /* TestGeneratorUITests */,
				953E9E4A2AD0236A000BF91B /* Products */,
			);
			sourceTree = "<group>";
		};
		953E9E4A2AD0236A000BF91B /* Products */ = {
			isa = PBXGroup;
			children = (
				953E9E492AD0236A000BF91B /* TestGenerator.app */,
				953E9E5A2AD0236C000BF91B /* TestGeneratorTests.xctest */,
				953E9E642AD0236C000BF91B /* TestGeneratorUITests.xctest */,
			);
			name = Products;
			sourceTree = "<group>";
		};
		953E9E4B2AD0236A000BF91B /* TestGenerator */ = {
			isa = PBXGroup;
			children = (
				953E9E4C2AD0236A000BF91B /* TestGeneratorApp.swift */,
				953E9E4E2AD0236A000BF91B /* ContentView.swift */,
				953E9E772AD023A2000BF91B /* TestGeneratoinViewModel.swift */,
				953E9E502AD0236C000BF91B /* Assets.xcassets */,
				953E9E552AD0236C000BF91B /* TestGenerator.entitlements */,
				953E9E522AD0236C000BF91B /* Preview Content */,
			);
			path = TestGenerator;
			sourceTree = "<group>";
		};
		953E9E522AD0236C000BF91B /* Preview Content */ = {
			isa = PBXGroup;
			children = (
				953E9E532AD0236C000BF91B /* Preview Assets.xcassets */,
			);
			path = "Preview Content";
			sourceTree = "<group>";
		};
		953E9E5D2AD0236C000BF91B /* TestGeneratorTests */ = {
			isa = PBXGroup;
			children = (
				953E9E5E2AD0236C000BF91B /* TestGeneratorTests.swift */,
			);
			path = TestGeneratorTests;
			sourceTree = "<group>";
		};
		953E9E672AD0236C000BF91B /* TestGeneratorUITests */ = {
			isa = PBXGroup;
			children = (
				953E9E682AD0236C000BF91B /* TestGeneratorUITests.swift */,
				953E9E6A2AD0236C000BF91B /* TestGeneratorUITestsLaunchTests.swift */,
			);
			path = TestGeneratorUITests;
			sourceTree = "<group>";
		};
/* End PBXGroup section */

/* Begin PBXNativeTarget section */
		953E9E482AD0236A000BF91B /* TestGenerator */ = {
			isa = PBXNativeTarget;
			buildConfigurationList = 953E9E6E2AD0236C000BF91B /* Build configuration list for PBXNativeTarget "TestGenerator" */;
			buildPhases = (
				953E9E452AD0236A000BF91B /* Sources */,
				953E9E462AD0236A000BF91B /* Frameworks */,
				953E9E472AD0236A000BF91B /* Resources */,
			);
			buildRules = (
			);
			dependencies = (
			);
			name = TestGenerator;
			productName = TestGenerator;
			productReference = 953E9E492AD0236A000BF91B /* TestGenerator.app */;
			productType = "com.apple.product-type.application";
		};
		953E9E592AD0236C000BF91B /* TestGeneratorTests */ = {
			isa = PBXNativeTarget;
			buildConfigurationList = 953E9E712AD0236C000BF91B /* Build configuration list for PBXNativeTarget "TestGeneratorTests" */;
			buildPhases = (
				953E9E562AD0236C000BF91B /* Sources */,
				953E9E572AD0236C000BF91B /* Frameworks */,
				953E9E582AD0236C000BF91B /* Resources */,
			);
			buildRules = (
			);
			dependencies = (
				953E9E5C2AD0236C000BF91B /* PBXTargetDependency */,
			);
			name = TestGeneratorTests;
			productName = TestGeneratorTests;
			productReference = 953E9E5A2AD0236C000BF91B /* TestGeneratorTests.xctest */;
			productType = "com.apple.product-type.bundle.unit-test";
		};
		953E9E632AD0236C000BF91B /* TestGeneratorUITests */ = {
			isa = PBXNativeTarget;
			buildConfigurationList = 953E9E742AD0236C000BF91B /* Build configuration list for PBXNativeTarget "TestGeneratorUITests" */;
			buildPhases = (
				953E9E602AD0236C000BF91B /* Sources */,
				953E9E612AD0236C000BF91B /* Frameworks */,
				953E9E622AD0236C000BF91B /* Resources */,
			);
			buildRules = (
			);
			dependencies = (
				953E9E662AD0236C000BF91B /* PBXTargetDependency */,
			);
			name = TestGeneratorUITests;
			productName = TestGeneratorUITests;
			productReference = 953E9E642AD0236C000BF91B /* TestGeneratorUITests.xctest */;
			productType = "com.apple.product-type.bundle.ui-testing";
		};
/* End PBXNativeTarget section */

/* Begin PBXProject section */
		953E9E412AD0236A000BF91B /* Project object */ = {
			isa = PBXProject;
			attributes = {
				BuildIndependentTargetsInParallel = 1;
				LastSwiftUpdateCheck = 1430;
				LastUpgradeCheck = 1430;
				TargetAttributes = {
					953E9E482AD0236A000BF91B = {
						CreatedOnToolsVersion = 14.3.1;
					};
					953E9E592AD0236C000BF91B = {
						CreatedOnToolsVersion = 14.3.1;
						TestTargetID = 953E9E482AD0236A000BF91B;
					};
					953E9E632AD0236C000BF91B = {
						CreatedOnToolsVersion = 14.3.1;
						TestTargetID = 953E9E482AD0236A000BF91B;
					};
				};
			};
			buildConfigurationList = 953E9E442AD0236A000BF91B /* Build configuration list for PBXProject "TestGenerator" */;
			compatibilityVersion = "Xcode 14.0";
			developmentRegion = en;
			hasScannedForEncodings = 0;
			knownRegions = (
				en,
				Base,
			);
			mainGroup = 953E9E402AD0236A000BF91B;
			productRefGroup = 953E9E4A2AD0236A000BF91B /* Products */;
			projectDirPath = "";
			projectRoot = "";
			targets = (
				953E9E482AD0236A000BF91B /* TestGenerator */,
				953E9E592AD0236C000BF91B /* TestGeneratorTests */,
				953E9E632AD0236C000BF91B /* TestGeneratorUITests */,
			);
		};
/* End PBXProject section */

/* Begin PBXResourcesBuildPhase section */
		953E9E472AD0236A000BF91B /* Resources */ = {
			isa = PBXResourcesBuildPhase;
			buildActionMask = 2147483647;
			files = (
				953E9E542AD0236C000BF91B /* Preview Assets.xcassets in Resources */,
				953E9E512AD0236C000BF91B /* Assets.xcassets in Resources */,
			);
			runOnlyForDeploymentPostprocessing = 0;
		};
		953E9E582AD0236C000BF91B /* Resources */ = {
			isa = PBXResourcesBuildPhase;
			buildActionMask = 2147483647;
			files = (
			);
			runOnlyForDeploymentPostprocessing = 0;
		};
		953E9E622AD0236C000BF91B /* Resources */ = {
			isa = PBXResourcesBuildPhase;
			buildActionMask = 2147483647;
			files = (
			);
			runOnlyForDeploymentPostprocessing = 0;
		};
/* End PBXResourcesBuildPhase section */

/* Begin PBXSourcesBuildPhase section */
		953E9E452AD0236A000BF91B /* Sources */ = {
			isa = PBXSourcesBuildPhase;
			buildActionMask = 2147483647;
			files = (
				953E9E782AD023A2000BF91B /* TestGeneratoinViewModel.swift in Sources */,
				953E9E4F2AD0236A000BF91B /* ContentView.swift in Sources */,
				953E9E4D2AD0236A000BF91B /* TestGeneratorApp.swift in Sources */,
			);
			runOnlyForDeploymentPostprocessing = 0;
		};
		953E9E562AD0236C000BF91B /* Sources */ = {
			isa = PBXSourcesBuildPhase;
			buildActionMask = 2147483647;
			files = (
				953E9E5F2AD0236C000BF91B /* TestGeneratorTests.swift in Sources */,
			);
			runOnlyForDeploymentPostprocessing = 0;
		};
		953E9E602AD0236C000BF91B /* Sources */ = {
			isa = PBXSourcesBuildPhase;
			buildActionMask = 2147483647;
			files = (
				953E9E6B2AD0236C000BF91B /* TestGeneratorUITestsLaunchTests.swift in Sources */,
				953E9E692AD0236C000BF91B /* TestGeneratorUITests.swift in Sources */,
			);
			runOnlyForDeploymentPostprocessing = 0;
		};
/* End PBXSourcesBuildPhase section */

/* Begin PBXTargetDependency section */
		953E9E5C2AD0236C000BF91B /* PBXTargetDependency */ = {
			isa = PBXTargetDependency;
			target = 953E9E482AD0236A000BF91B /* TestGenerator */;
			targetProxy = 953E9E5B2AD0236C000BF91B /* PBXContainerItemProxy */;
		};
		953E9E662AD0236C000BF91B /* PBXTargetDependency */ = {
			isa = PBXTargetDependency;
			target = 953E9E482AD0236A000BF91B /* TestGenerator */;
			targetProxy = 953E9E652AD0236C000BF91B /* PBXContainerItemProxy */;
		};
/* End PBXTargetDependency section */

/* Begin XCBuildConfiguration section */
		953E9E6C2AD0236C000BF91B /* Debug */ = {
			isa = XCBuildConfiguration;
			buildSettings = {
				ALWAYS_SEARCH_USER_PATHS = NO;
				CLANG_ANALYZER_NONNULL = YES;
				CLANG_ANALYZER_NUMBER_OBJECT_CONVERSION = YES_AGGRESSIVE;
				CLANG_CXX_LANGUAGE_STANDARD = "gnu++20";
				CLANG_ENABLE_MODULES = YES;
				CLANG_ENABLE_OBJC_ARC = YES;
				CLANG_ENABLE_OBJC_WEAK = YES;
				CLANG_WARN_BLOCK_CAPTURE_AUTORELEASING = YES;
				CLANG_WARN_BOOL_CONVERSION = YES;
				CLANG_WARN_COMMA = YES;
				CLANG_WARN_CONSTANT_CONVERSION = YES;
				CLANG_WARN_DEPRECATED_OBJC_IMPLEMENTATIONS = YES;
				CLANG_WARN_DIRECT_OBJC_ISA_USAGE = YES_ERROR;
				CLANG_WARN_DOCUMENTATION_COMMENTS = YES;
				CLANG_WARN_EMPTY_BODY = YES;
				CLANG_WARN_ENUM_CONVERSION = YES;
				CLANG_WARN_INFINITE_RECURSION = YES;
				CLANG_WARN_INT_CONVERSION = YES;
				CLANG_WARN_NON_LITERAL_NULL_CONVERSION = YES;
				CLANG_WARN_OBJC_IMPLICIT_RETAIN_SELF = YES;
				CLANG_WARN_OBJC_LITERAL_CONVERSION = YES;
				CLANG_WARN_OBJC_ROOT_CLASS = YES_ERROR;
				CLANG_WARN_QUOTED_INCLUDE_IN_FRAMEWORK_HEADER = YES;
				CLANG_WARN_RANGE_LOOP_ANALYSIS = YES;
				CLANG_WARN_STRICT_PROTOTYPES = YES;
				CLANG_WARN_SUSPICIOUS_MOVE = YES;
				CLANG_WARN_UNGUARDED_AVAILABILITY = YES_AGGRESSIVE;
				CLANG_WARN_UNREACHABLE_CODE = YES;
				CLANG_WARN__DUPLICATE_METHOD_MATCH = YES;
				COPY_PHASE_STRIP = NO;
				DEBUG_INFORMATION_FORMAT = dwarf;
				ENABLE_STRICT_OBJC_MSGSEND = YES;
				ENABLE_TESTABILITY = YES;
				GCC_C_LANGUAGE_STANDARD = gnu11;
				GCC_DYNAMIC_NO_PIC = NO;
				GCC_NO_COMMON_BLOCKS = YES;
				GCC_OPTIMIZATION_LEVEL = 0;
				GCC_PREPROCESSOR_DEFINITIONS = (
					"DEBUG=1",
					"$(inherited)",
				);
				GCC_WARN_64_TO_32_BIT_CONVERSION = YES;
				GCC_WARN_ABOUT_RETURN_TYPE = YES_ERROR;
				GCC_WARN_UNDECLARED_SELECTOR = YES;
				GCC_WARN_UNINITIALIZED_AUTOS = YES_AGGRESSIVE;
				GCC_WARN_UNUSED_FUNCTION = YES;
				GCC_WARN_UNUSED_VARIABLE = YES;
				MACOSX_DEPLOYMENT_TARGET = 13.3;
				MTL_ENABLE_DEBUG_INFO = INCLUDE_SOURCE;
				MTL_FAST_MATH = YES;
				ONLY_ACTIVE_ARCH = YES;
				SDKROOT = macosx;
				SWIFT_ACTIVE_COMPILATION_CONDITIONS = DEBUG;
				SWIFT_OPTIMIZATION_LEVEL = "-Onone";
			};
			name = Debug;
		};
		953E9E6D2AD0236C000BF91B /* Release */ = {
			isa = XCBuildConfiguration;
			buildSettings = {
				ALWAYS_SEARCH_USER_PATHS = NO;
				CLANG_ANALYZER_NONNULL = YES;
				CLANG_ANALYZER_NUMBER_OBJECT_CONVERSION = YES_AGGRESSIVE;
				CLANG_CXX_LANGUAGE_STANDARD = "gnu++20";
				CLANG_ENABLE_MODULES = YES;
				CLANG_ENABLE_OBJC_ARC = YES;
				CLANG_ENABLE_OBJC_WEAK = YES;
				CLANG_WARN_BLOCK_CAPTURE_AUTORELEASING = YES;
				CLANG_WARN_BOOL_CONVERSION = YES;
				CLANG_WARN_COMMA = YES;
				CLANG_WARN_CONSTANT_CONVERSION = YES;
				CLANG_WARN_DEPRECATED_OBJC_IMPLEMENTATIONS = YES;
				CLANG_WARN_DIRECT_OBJC_ISA_USAGE = YES_ERROR;
				CLANG_WARN_DOCUMENTATION_COMMENTS = YES;
				CLANG_WARN_EMPTY_BODY = YES;
				CLANG_WARN_ENUM_CONVERSION = YES;
				CLANG_WARN_INFINITE_RECURSION = YES;
				CLANG_WARN_INT_CONVERSION = YES;
				CLANG_WARN_NON_LITERAL_NULL_CONVERSION = YES;
				CLANG_WARN_OBJC_IMPLICIT_RETAIN_SELF = YES;
				CLANG_WARN_OBJC_LITERAL_CONVERSION = YES;
				CLANG_WARN_OBJC_ROOT_CLASS = YES_ERROR;
				CLANG_WARN_QUOTED_INCLUDE_IN_FRAMEWORK_HEADER = YES;
				CLANG_WARN_RANGE_LOOP_ANALYSIS = YES;
				CLANG_WARN_STRICT_PROTOTYPES = YES;
				CLANG_WARN_SUSPICIOUS_MOVE = YES;
				CLANG_WARN_UNGUARDED_AVAILABILITY = YES_AGGRESSIVE;
				CLANG_WARN_UNREACHABLE_CODE = YES;
				CLANG_WARN__DUPLICATE_METHOD_MATCH = YES;
				COPY_PHASE_STRIP = NO;
				DEBUG_INFORMATION_FORMAT = "dwarf-with-dsym";
				ENABLE_NS_ASSERTIONS = NO;
				ENABLE_STRICT_OBJC_MSGSEND = YES;
				GCC_C_LANGUAGE_STANDARD = gnu11;
				GCC_NO_COMMON_BLOCKS = YES;
				GCC_WARN_64_TO_32_BIT_CONVERSION = YES;
				GCC_WARN_ABOUT_RETURN_TYPE = YES_ERROR;
				GCC_WARN_UNDECLARED_SELECTOR = YES;
				GCC_WARN_UNINITIALIZED_AUTOS = YES_AGGRESSIVE;
				GCC_WARN_UNUSED_FUNCTION = YES;
				GCC_WARN_UNUSED_VARIABLE = YES;
				MACOSX_DEPLOYMENT_TARGET = 13.3;
				MTL_ENABLE_DEBUG_INFO = NO;
				MTL_FAST_MATH = YES;
				SDKROOT = macosx;
				SWIFT_COMPILATION_MODE = wholemodule;
				SWIFT_OPTIMIZATION_LEVEL = "-O";
			};
			name = Release;
		};
		953E9E6F2AD0236C000BF91B /* Debug */ = {
			isa = XCBuildConfiguration;
			buildSettings = {
				ASSETCATALOG_COMPILER_APPICON_NAME = AppIcon;
				ASSETCATALOG_COMPILER_GLOBAL_ACCENT_COLOR_NAME = AccentColor;
				CODE_SIGN_ENTITLEMENTS = TestGenerator/TestGenerator.entitlements;
				CODE_SIGN_STYLE = Automatic;
				COMBINE_HIDPI_IMAGES = YES;
				CURRENT_PROJECT_VERSION = 1;
				DEVELOPMENT_ASSET_PATHS = "\"TestGenerator/Preview Content\"";
				ENABLE_PREVIEWS = YES;
				GENERATE_INFOPLIST_FILE = YES;
				INFOPLIST_KEY_NSHumanReadableCopyright = "";
				LD_RUNPATH_SEARCH_PATHS = (
					"$(inherited)",
					"@executable_path/../Frameworks",
				);
				MARKETING_VERSION = 1.0;
				PRODUCT_BUNDLE_IDENTIFIER = "-.TestGenerator";
				PRODUCT_NAME = "$(TARGET_NAME)";
				SWIFT_EMIT_LOC_STRINGS = YES;
				SWIFT_VERSION = 5.0;
			};
			name = Debug;
		};
		953E9E702AD0236C000BF91B /* Release */ = {
			isa = XCBuildConfiguration;
			buildSettings = {
				ASSETCATALOG_COMPILER_APPICON_NAME = AppIcon;
				ASSETCATALOG_COMPILER_GLOBAL_ACCENT_COLOR_NAME = AccentColor;
				CODE_SIGN_ENTITLEMENTS = TestGenerator/TestGenerator.entitlements;
				CODE_SIGN_STYLE = Automatic;
				COMBINE_HIDPI_IMAGES = YES;
				CURRENT_PROJECT_VERSION = 1;
				DEVELOPMENT_ASSET_PATHS = "\"TestGenerator/Preview Content\"";
				ENABLE_PREVIEWS = YES;
				GENERATE_INFOPLIST_FILE = YES;
				INFOPLIST_KEY_NSHumanReadableCopyright = "";
				LD_RUNPATH_SEARCH_PATHS = (
					"$(inherited)",
					"@executable_path/../Frameworks",
				);
				MARKETING_VERSION = 1.0;
				PRODUCT_BUNDLE_IDENTIFIER = "-.TestGenerator";
				PRODUCT_NAME = "$(TARGET_NAME)";
				SWIFT_EMIT_LOC_STRINGS = YES;
				SWIFT_VERSION = 5.0;
			};
			name = Release;
		};
		953E9E722AD0236C000BF91B /* Debug */ = {
			isa = XCBuildConfiguration;
			buildSettings = {
				ALWAYS_EMBED_SWIFT_STANDARD_LIBRARIES = YES;
				BUNDLE_LOADER = "$(TEST_HOST)";
				CODE_SIGN_STYLE = Automatic;
				CURRENT_PROJECT_VERSION = 1;
				GENERATE_INFOPLIST_FILE = YES;
				MACOSX_DEPLOYMENT_TARGET = 13.3;
				MARKETING_VERSION = 1.0;
				PRODUCT_BUNDLE_IDENTIFIER = "-.TestGeneratorTests";
				PRODUCT_NAME = "$(TARGET_NAME)";
				SWIFT_EMIT_LOC_STRINGS = NO;
				SWIFT_VERSION = 5.0;
				TEST_HOST = "$(BUILT_PRODUCTS_DIR)/TestGenerator.app/$(BUNDLE_EXECUTABLE_FOLDER_PATH)/TestGenerator";
			};
			name = Debug;
		};
		953E9E732AD0236C000BF91B /* Release */ = {
			isa = XCBuildConfiguration;
			buildSettings = {
				ALWAYS_EMBED_SWIFT_STANDARD_LIBRARIES = YES;
				BUNDLE_LOADER = "$(TEST_HOST)";
				CODE_SIGN_STYLE = Automatic;
				CURRENT_PROJECT_VERSION = 1;
				GENERATE_INFOPLIST_FILE = YES;
				MACOSX_DEPLOYMENT_TARGET = 13.3;
				MARKETING_VERSION = 1.0;
				PRODUCT_BUNDLE_IDENTIFIER = "-.TestGeneratorTests";
				PRODUCT_NAME = "$(TARGET_NAME)";
				SWIFT_EMIT_LOC_STRINGS = NO;
				SWIFT_VERSION = 5.0;
				TEST_HOST = "$(BUILT_PRODUCTS_DIR)/TestGenerator.app/$(BUNDLE_EXECUTABLE_FOLDER_PATH)/TestGenerator";
			};
			name = Release;
		};
		953E9E752AD0236C000BF91B /* Debug */ = {
			isa = XCBuildConfiguration;
			buildSettings = {
				ALWAYS_EMBED_SWIFT_STANDARD_LIBRARIES = YES;
				CODE_SIGN_STYLE = Automatic;
				CURRENT_PROJECT_VERSION = 1;
				GENERATE_INFOPLIST_FILE = YES;
				MARKETING_VERSION = 1.0;
				PRODUCT_BUNDLE_IDENTIFIER = "-.TestGeneratorUITests";
				PRODUCT_NAME = "$(TARGET_NAME)";
				SWIFT_EMIT_LOC_STRINGS = NO;
				SWIFT_VERSION = 5.0;
				TEST_TARGET_NAME = TestGenerator;
			};
			name = Debug;
		};
		953E9E762AD0236C000BF91B /* Release */ = {
			isa = XCBuildConfiguration;
			buildSettings = {
				ALWAYS_EMBED_SWIFT_STANDARD_LIBRARIES = YES;
				CODE_SIGN_STYLE = Automatic;
				CURRENT_PROJECT_VERSION = 1;
				GENERATE_INFOPLIST_FILE = YES;
				MARKETING_VERSION = 1.0;
				PRODUCT_BUNDLE_IDENTIFIER = "-.TestGeneratorUITests";
				PRODUCT_NAME = "$(TARGET_NAME)";
				SWIFT_EMIT_LOC_STRINGS = NO;
				SWIFT_VERSION = 5.0;
				TEST_TARGET_NAME = TestGenerator;
			};
			name = Release;
		};
/* End XCBuildConfiguration section */

/* Begin XCConfigurationList section */
		953E9E442AD0236A000BF91B /* Build configuration list for PBXProject "TestGenerator" */ = {
			isa = XCConfigurationList;
			buildConfigurations = (
				953E9E6C2AD0236C000BF91B /* Debug */,
				953E9E6D2AD0236C000BF91B /* Release */,
			);
			defaultConfigurationIsVisible = 0;
			defaultConfigurationName = Release;
		};
		953E9E6E2AD0236C000BF91B /* Build configuration list for PBXNativeTarget "TestGenerator" */ = {
			isa = XCConfigurationList;
			buildConfigurations = (
				953E9E6F2AD0236C000BF91B /* Debug */,
				953E9E702AD0236C000BF91B /* Release */,
			);
			defaultConfigurationIsVisible = 0;
			defaultConfigurationName = Release;
		};
		953E9E712AD0236C000BF91B /* Build configuration list for PBXNativeTarget "TestGeneratorTests" */ = {
			isa = XCConfigurationList;
			buildConfigurations = (
				953E9E722AD0236C000BF91B /* Debug */,
				953E9E732AD0236C000BF91B /* Release */,
			);
			defaultConfigurationIsVisible = 0;
			defaultConfigurationName = Release;
		};
		953E9E742AD0236C000BF91B /* Build configuration list for PBXNativeTarget "TestGeneratorUITests" */ = {
			isa = XCConfigurationList;
			buildConfigurations = (
				953E9E752AD0236C000BF91B /* Debug */,
				953E9E762AD0236C000BF91B /* Release */,
			);
			defaultConfigurationIsVisible = 0;
			defaultConfigurationName = Release;
		};
/* End XCConfigurationList section */
	};
	rootObject = 953E9E412AD0236A000BF91B /* Project object */;
}
